// !$*UTF8*$!
{
	archiveVersion = 1;
	classes = {
	};
	objectVersion = 46;
	objects = {

/* Begin PBXBuildFile section */
		499B04A51AE68A6000ED1DA8 /* AppDelegate.swift in Sources */ = {isa = PBXBuildFile; fileRef = 499B04A41AE68A6000ED1DA8 /* AppDelegate.swift */; };
		499B04A71AE68A6000ED1DA8 /* ViewController.swift in Sources */ = {isa = PBXBuildFile; fileRef = 499B04A61AE68A6000ED1DA8 /* ViewController.swift */; };
		499B04AA1AE68A6000ED1DA8 /* Main.storyboard in Resources */ = {isa = PBXBuildFile; fileRef = 499B04A81AE68A6000ED1DA8 /* Main.storyboard */; };
		499B04AC1AE68A6000ED1DA8 /* Images.xcassets in Resources */ = {isa = PBXBuildFile; fileRef = 499B04AB1AE68A6000ED1DA8 /* Images.xcassets */; };
		499B04AF1AE68A6000ED1DA8 /* LaunchScreen.xib in Resources */ = {isa = PBXBuildFile; fileRef = 499B04AD1AE68A6000ED1DA8 /* LaunchScreen.xib */; };
		499B04BB1AE68A6000ED1DA8 /* SwifferAppTests.swift in Sources */ = {isa = PBXBuildFile; fileRef = 499B04BA1AE68A6000ED1DA8 /* SwifferAppTests.swift */; };
/* End PBXBuildFile section */

/* Begin PBXContainerItemProxy section */
		499B04B51AE68A6000ED1DA8 /* PBXContainerItemProxy */ = {
			isa = PBXContainerItemProxy;
			containerPortal = 499B04971AE68A6000ED1DA8 /* Project object */;
			proxyType = 1;
			remoteGlobalIDString = 499B049E1AE68A6000ED1DA8;
			remoteInfo = SwifferApp;
		};
/* End PBXContainerItemProxy section */

/* Begin PBXFileReference section */
		499B049F1AE68A6000ED1DA8 /* SwifferApp.app */ = {isa = PBXFileReference; explicitFileType = wrapper.application; includeInIndex = 0; path = SwifferApp.app; sourceTree = BUILT_PRODUCTS_DIR; };
		499B04A31AE68A6000ED1DA8 /* Info.plist */ = {isa = PBXFileReference; lastKnownFileType = text.plist.xml; path = Info.plist; sourceTree = "<group>"; };
		499B04A41AE68A6000ED1DA8 /* AppDelegate.swift */ = {isa = PBXFileReference; lastKnownFileType = sourcecode.swift; path = AppDelegate.swift; sourceTree = "<group>"; };
		499B04A61AE68A6000ED1DA8 /* ViewController.swift */ = {isa = PBXFileReference; lastKnownFileType = sourcecode.swift; path = ViewController.swift; sourceTree = "<group>"; };
		499B04A91AE68A6000ED1DA8 /* Base */ = {isa = PBXFileReference; lastKnownFileType = file.storyboard; name = Base; path = Base.lproj/Main.storyboard; sourceTree = "<group>"; };
		499B04AB1AE68A6000ED1DA8 /* Images.xcassets */ = {isa = PBXFileReference; lastKnownFileType = folder.assetcatalog; path = Images.xcassets; sourceTree = "<group>"; };
		499B04AE1AE68A6000ED1DA8 /* Base */ = {isa = PBXFileReference; lastKnownFileType = file.xib; name = Base; path = Base.lproj/LaunchScreen.xib; sourceTree = "<group>"; };
		499B04B41AE68A6000ED1DA8 /* SwifferAppTests.xctest */ = {isa = PBXFileReference; explicitFileType = wrapper.cfbundle; includeInIndex = 0; path = SwifferAppTests.xctest; sourceTree = BUILT_PRODUCTS_DIR; };
		499B04B91AE68A6000ED1DA8 /* Info.plist */ = {isa = PBXFileReference; lastKnownFileType = text.plist.xml; path = Info.plist; sourceTree = "<group>"; };
		499B04BA1AE68A6000ED1DA8 /* SwifferAppTests.swift */ = {isa = PBXFileReference; lastKnownFileType = sourcecode.swift; path = SwifferAppTests.swift; sourceTree = "<group>"; };
/* End PBXFileReference section */

/* Begin PBXFrameworksBuildPhase section */
		499B049C1AE68A6000ED1DA8 /* Frameworks */ = {
			isa = PBXFrameworksBuildPhase;
			buildActionMask = 2147483647;
			files = (
			);
			runOnlyForDeploymentPostprocessing = 0;
		};
		499B04B11AE68A6000ED1DA8 /* Frameworks */ = {
			isa = PBXFrameworksBuildPhase;
			buildActionMask = 2147483647;
			files = (
			);
			runOnlyForDeploymentPostprocessing = 0;
		};
/* End PBXFrameworksBuildPhase section */

/* Begin PBXGroup section */
		499B04961AE68A6000ED1DA8 = {
			isa = PBXGroup;
			children = (
				499B04A11AE68A6000ED1DA8 /* SwifferApp */,
				499B04B71AE68A6000ED1DA8 /* SwifferAppTests */,
				499B04A01AE68A6000ED1DA8 /* Products */,
			);
			sourceTree = "<group>";
		};
		499B04A01AE68A6000ED1DA8 /* Products */ = {
			isa = PBXGroup;
			children = (
				499B049F1AE68A6000ED1DA8 /* SwifferApp.app */,
				499B04B41AE68A6000ED1DA8 /* SwifferAppTests.xctest */,
			);
			name = Products;
			sourceTree = "<group>";
		};
		499B04A11AE68A6000ED1DA8 /* SwifferApp */ = {
			isa = PBXGroup;
			children = (
				499B04A41AE68A6000ED1DA8 /* AppDelegate.swift */,
				499B04A61AE68A6000ED1DA8 /* ViewController.swift */,
				499B04A81AE68A6000ED1DA8 /* Main.storyboard */,
				499B04AB1AE68A6000ED1DA8 /* Images.xcassets */,
				499B04AD1AE68A6000ED1DA8 /* LaunchScreen.xib */,
				499B04A21AE68A6000ED1DA8 /* Supporting Files */,
			);
			path = SwifferApp;
			sourceTree = "<group>";
		};
		499B04A21AE68A6000ED1DA8 /* Supporting Files */ = {
			isa = PBXGroup;
			children = (
				499B04A31AE68A6000ED1DA8 /* Info.plist */,
			);
			name = "Supporting Files";
			sourceTree = "<group>";
		};
		499B04B71AE68A6000ED1DA8 /* SwifferAppTests */ = {
			isa = PBXGroup;
			children = (
				499B04BA1AE68A6000ED1DA8 /* SwifferAppTests.swift */,
				499B04B81AE68A6000ED1DA8 /* Supporting Files */,
			);
			path = SwifferAppTests;
			sourceTree = "<group>";
		};
		499B04B81AE68A6000ED1DA8 /* Supporting Files */ = {
			isa = PBXGroup;
			children = (
				499B04B91AE68A6000ED1DA8 /* Info.plist */,
			);
			name = "Supporting Files";
			sourceTree = "<group>";
		};
/* End PBXGroup section */

/* Begin PBXNativeTarget section */
		499B049E1AE68A6000ED1DA8 /* SwifferApp */ = {
			isa = PBXNativeTarget;
			buildConfigurationList = 499B04BE1AE68A6000ED1DA8 /* Build configuration list for PBXNativeTarget "SwifferApp" */;
			buildPhases = (
				499B049B1AE68A6000ED1DA8 /* Sources */,
				499B049C1AE68A6000ED1DA8 /* Frameworks */,
				499B049D1AE68A6000ED1DA8 /* Resources */,
			);
			buildRules = (
			);
			dependencies = (
			);
			name = SwifferApp;
			productName = SwifferApp;
			productReference = 499B049F1AE68A6000ED1DA8 /* SwifferApp.app */;
			productType = "com.apple.product-type.application";
		};
		499B04B31AE68A6000ED1DA8 /* SwifferAppTests */ = {
			isa = PBXNativeTarget;
			buildConfigurationList = 499B04C11AE68A6000ED1DA8 /* Build configuration list for PBXNativeTarget "SwifferAppTests" */;
			buildPhases = (
				499B04B01AE68A6000ED1DA8 /* Sources */,
				499B04B11AE68A6000ED1DA8 /* Frameworks */,
				499B04B21AE68A6000ED1DA8 /* Resources */,
			);
			buildRules = (
			);
			dependencies = (
				499B04B61AE68A6000ED1DA8 /* PBXTargetDependency */,
			);
			name = SwifferAppTests;
			productName = SwifferAppTests;
			productReference = 499B04B41AE68A6000ED1DA8 /* SwifferAppTests.xctest */;
			productType = "com.apple.product-type.bundle.unit-test";
		};
/* End PBXNativeTarget section */

/* Begin PBXProject section */
		499B04971AE68A6000ED1DA8 /* Project object */ = {
			isa = PBXProject;
			attributes = {
				LastUpgradeCheck = 0620;
				ORGANIZATIONNAME = rachelrockaway;
				TargetAttributes = {
					499B049E1AE68A6000ED1DA8 = {
						CreatedOnToolsVersion = 6.2;
					};
					499B04B31AE68A6000ED1DA8 = {
						CreatedOnToolsVersion = 6.2;
						TestTargetID = 499B049E1AE68A6000ED1DA8;
					};
				};
			};
			buildConfigurationList = 499B049A1AE68A6000ED1DA8 /* Build configuration list for PBXProject "SwifferApp" */;
			compatibilityVersion = "Xcode 3.2";
			developmentRegion = English;
			hasScannedForEncodings = 0;
			knownRegions = (
				en,
				Base,
			);
			mainGroup = 499B04961AE68A6000ED1DA8;
			productRefGroup = 499B04A01AE68A6000ED1DA8 /* Products */;
			projectDirPath = "";
			projectRoot = "";
			targets = (
				499B049E1AE68A6000ED1DA8 /* SwifferApp */,
				499B04B31AE68A6000ED1DA8 /* SwifferAppTests */,
			);
		};
/* End PBXProject section */

/* Begin PBXResourcesBuildPhase section */
		499B049D1AE68A6000ED1DA8 /* Resources */ = {
			isa = PBXResourcesBuildPhase;
			buildActionMask = 2147483647;
			files = (
				499B04AA1AE68A6000ED1DA8 /* Main.storyboard in Resources */,
				499B04AF1AE68A6000ED1DA8 /* LaunchScreen.xib in Resources */,
				499B04AC1AE68A6000ED1DA8 /* Images.xcassets in Resources */,
			);
			runOnlyForDeploymentPostprocessing = 0;
		};
		499B04B21AE68A6000ED1DA8 /* Resources */ = {
			isa = PBXResourcesBuildPhase;
			buildActionMask = 2147483647;
			files = (
			);
			runOnlyForDeploymentPostprocessing = 0;
		};
/* End PBXResourcesBuildPhase section */

/* Begin PBXSourcesBuildPhase section */
		499B049B1AE68A6000ED1DA8 /* Sources */ = {
			isa = PBXSourcesBuildPhase;
			buildActionMask = 2147483647;
			files = (
				499B04A71AE68A6000ED1DA8 /* ViewController.swift in Sources */,
				499B04A51AE68A6000ED1DA8 /* AppDelegate.swift in Sources */,
			);
			runOnlyForDeploymentPostprocessing = 0;
		};
		499B04B01AE68A6000ED1DA8 /* Sources */ = {
			isa = PBXSourcesBuildPhase;
			buildActionMask = 2147483647;
			files = (
				499B04BB1AE68A6000ED1DA8 /* SwifferAppTests.swift in Sources */,
			);
			runOnlyForDeploymentPostprocessing = 0;
		};
/* End PBXSourcesBuildPhase section */

/* Begin PBXTargetDependency section */
		499B04B61AE68A6000ED1DA8 /* PBXTargetDependency */ = {
			isa = PBXTargetDependency;
			target = 499B049E1AE68A6000ED1DA8 /* SwifferApp */;
			targetProxy = 499B04B51AE68A6000ED1DA8 /* PBXContainerItemProxy */;
		};
/* End PBXTargetDependency section */

/* Begin PBXVariantGroup section */
		499B04A81AE68A6000ED1DA8 /* Main.storyboard */ = {
			isa = PBXVariantGroup;
			children = (
				499B04A91AE68A6000ED1DA8 /* Base */,
			);
			name = Main.storyboard;
			sourceTree = "<group>";
		};
		499B04AD1AE68A6000ED1DA8 /* LaunchScreen.xib */ = {
			isa = PBXVariantGroup;
			children = (
				499B04AE1AE68A6000ED1DA8 /* Base */,
			);
			name = LaunchScreen.xib;
			sourceTree = "<group>";
		};
/* End PBXVariantGroup section */

/* Begin XCBuildConfiguration section */
		499B04BC1AE68A6000ED1DA8 /* Debug */ = {
			isa = XCBuildConfiguration;
			buildSettings = {
				ALWAYS_SEARCH_USER_PATHS = NO;
				CLANG_CXX_LANGUAGE_STANDARD = "gnu++0x";
				CLANG_CXX_LIBRARY = "libc++";
				CLANG_ENABLE_MODULES = YES;
				CLANG_ENABLE_OBJC_ARC = YES;
				CLANG_WARN_BOOL_CONVERSION = YES;
				CLANG_WARN_CONSTANT_CONVERSION = YES;
				CLANG_WARN_DIRECT_OBJC_ISA_USAGE = YES_ERROR;
				CLANG_WARN_EMPTY_BODY = YES;
				CLANG_WARN_ENUM_CONVERSION = YES;
				CLANG_WARN_INT_CONVERSION = YES;
				CLANG_WARN_OBJC_ROOT_CLASS = YES_ERROR;
				CLANG_WARN_UNREACHABLE_CODE = YES;
				CLANG_WARN__DUPLICATE_METHOD_MATCH = YES;
				"CODE_SIGN_IDENTITY[sdk=iphoneos*]" = "iPhone Developer";
				COPY_PHASE_STRIP = NO;
				ENABLE_STRICT_OBJC_MSGSEND = YES;
				GCC_C_LANGUAGE_STANDARD = gnu99;
				GCC_DYNAMIC_NO_PIC = NO;
				GCC_OPTIMIZATION_LEVEL = 0;
				GCC_PREPROCESSOR_DEFINITIONS = (
					"DEBUG=1",
					"$(inherited)",
				);
				GCC_SYMBOLS_PRIVATE_EXTERN = NO;
				GCC_WARN_64_TO_32_BIT_CONVERSION = YES;
				GCC_WARN_ABOUT_RETURN_TYPE = YES_ERROR;
				GCC_WARN_UNDECLARED_SELECTOR = YES;
				GCC_WARN_UNINITIALIZED_AUTOS = YES_AGGRESSIVE;
				GCC_WARN_UNUSED_FUNCTION = YES;
				GCC_WARN_UNUSED_VARIABLE = YES;
				IPHONEOS_DEPLOYMENT_TARGET = 8.2;
				MTL_ENABLE_DEBUG_INFO = YES;
				ONLY_ACTIVE_ARCH = YES;
				SDKROOT = iphoneos;
				SWIFT_OPTIMIZATION_LEVEL = "-Onone";
				TARGETED_DEVICE_FAMILY = "1,2";
			};
			name = Debug;
		};
		499B04BD1AE68A6000ED1DA8 /* Release */ = {
			isa = XCBuildConfiguration;
			buildSettings = {
				ALWAYS_SEARCH_USER_PATHS = NO;
				CLANG_CXX_LANGUAGE_STANDARD = "gnu++0x";
				CLANG_CXX_LIBRARY = "libc++";
				CLANG_ENABLE_MODULES = YES;
				CLANG_ENABLE_OBJC_ARC = YES;
				CLANG_WARN_BOOL_CONVERSION = YES;
				CLANG_WARN_CONSTANT_CONVERSION = YES;
				CLANG_WARN_DIRECT_OBJC_ISA_USAGE = YES_ERROR;
				CLANG_WARN_EMPTY_BODY = YES;
				CLANG_WARN_ENUM_CONVERSION = YES;
				CLANG_WARN_INT_CONVERSION = YES;
				CLANG_WARN_OBJC_ROOT_CLASS = YES_ERROR;
				CLANG_WARN_UNREACHABLE_CODE = YES;
				CLANG_WARN__DUPLICATE_METHOD_MATCH = YES;
				"CODE_SIGN_IDENTITY[sdk=iphoneos*]" = "iPhone Developer";
				COPY_PHASE_STRIP = NO;
				ENABLE_NS_ASSERTIONS = NO;
				ENABLE_STRICT_OBJC_MSGSEND = YES;
				GCC_C_LANGUAGE_STANDARD = gnu99;
				GCC_WARN_64_TO_32_BIT_CONVERSION = YES;
				GCC_WARN_ABOUT_RETURN_TYPE = YES_ERROR;
				GCC_WARN_UNDECLARED_SELECTOR = YES;
				GCC_WARN_UNINITIALIZED_AUTOS = YES_AGGRESSIVE;
				GCC_WARN_UNUSED_FUNCTION = YES;
				GCC_WARN_UNUSED_VARIABLE = YES;
				IPHONEOS_DEPLOYMENT_TARGET = 8.2;
				MTL_ENABLE_DEBUG_INFO = NO;
				SDKROOT = iphoneos;
				TARGETED_DEVICE_FAMILY = "1,2";
				VALIDATE_PRODUCT = YES;
			};
			name = Release;
		};
		499B04BF1AE68A6000ED1DA8 /* Debug */ = {
			isa = XCBuildConfiguration;
			buildSettings = {
				ASSETCATALOG_COMPILER_APPICON_NAME = AppIcon;
				INFOPLIST_FILE = SwifferApp/Info.plist;
				LD_RUNPATH_SEARCH_PATHS = "$(inherited) @executable_path/Frameworks";
				PRODUCT_NAME = "$(TARGET_NAME)";
			};
			name = Debug;
		};
		499B04C01AE68A6000ED1DA8 /* Release */ = {
			isa = XCBuildConfiguration;
			buildSettings = {
				ASSETCATALOG_COMPILER_APPICON_NAME = AppIcon;
				INFOPLIST_FILE = SwifferApp/Info.plist;
				LD_RUNPATH_SEARCH_PATHS = "$(inherited) @executable_path/Frameworks";
				PRODUCT_NAME = "$(TARGET_NAME)";
			};
			name = Release;
		};
		499B04C21AE68A6000ED1DA8 /* Debug */ = {
			isa = XCBuildConfiguration;
			buildSettings = {
				BUNDLE_LOADER = "$(TEST_HOST)";
				FRAMEWORK_SEARCH_PATHS = (
					"$(SDKROOT)/Developer/Library/Frameworks",
					"$(inherited)",
				);
				GCC_PREPROCESSOR_DEFINITIONS = (
					"DEBUG=1",
					"$(inherited)",
				);
				INFOPLIST_FILE = SwifferAppTests/Info.plist;
				LD_RUNPATH_SEARCH_PATHS = "$(inherited) @executable_path/Frameworks @loader_path/Frameworks";
				PRODUCT_NAME = "$(TARGET_NAME)";
				TEST_HOST = "$(BUILT_PRODUCTS_DIR)/SwifferApp.app/SwifferApp";
			};
			name = Debug;
		};
		499B04C31AE68A6000ED1DA8 /* Release */ = {
			isa = XCBuildConfiguration;
			buildSettings = {
				BUNDLE_LOADER = "$(TEST_HOST)";
				FRAMEWORK_SEARCH_PATHS = (
					"$(SDKROOT)/Developer/Library/Frameworks",
					"$(inherited)",
				);
				INFOPLIST_FILE = SwifferAppTests/Info.plist;
				LD_RUNPATH_SEARCH_PATHS = "$(inherited) @executable_path/Frameworks @loader_path/Frameworks";
				PRODUCT_NAME = "$(TARGET_NAME)";
				TEST_HOST = "$(BUILT_PRODUCTS_DIR)/SwifferApp.app/SwifferApp";
			};
			name = Release;
		};
/* End XCBuildConfiguration section */

/* Begin XCConfigurationList section */
		499B049A1AE68A6000ED1DA8 /* Build configuration list for PBXProject "SwifferApp" */ = {
			isa = XCConfigurationList;
			buildConfigurations = (
				499B04BC1AE68A6000ED1DA8 /* Debug */,
				499B04BD1AE68A6000ED1DA8 /* Release */,
			);
			defaultConfigurationIsVisible = 0;
			defaultConfigurationName = Release;
		};
		499B04BE1AE68A6000ED1DA8 /* Build configuration list for PBXNativeTarget "SwifferApp" */ = {
			isa = XCConfigurationList;
			buildConfigurations = (
				499B04BF1AE68A6000ED1DA8 /* Debug */,
				499B04C01AE68A6000ED1DA8 /* Release */,
			);
			defaultConfigurationIsVisible = 0;
		};
		499B04C11AE68A6000ED1DA8 /* Build configuration list for PBXNativeTarget "SwifferAppTests" */ = {
			isa = XCConfigurationList;
			buildConfigurations = (
				499B04C21AE68A6000ED1DA8 /* Debug */,
				499B04C31AE68A6000ED1DA8 /* Release */,
			);
			defaultConfigurationIsVisible = 0;
		};
/* End XCConfigurationList section */
	};
	rootObject = 499B04971AE68A6000ED1DA8 /* Project object */;
}
